{
  "name": "foundation-sites-6.6.3-css",
  "version": "1.0.0",
  "lockfileVersion": 1,
  "requires": true,
  "dependencies": {
    "foundation-sites-5": {
      "version": "5.5.3",
      "resolved": "https://registry.npmjs.org/foundation-sites-5/-/foundation-sites-5-5.5.3.tgz",
      "integrity": "sha1-L6+Cf67NVb5Y4hZM/xpxxYkmh38="
    }
  }
}
